// !$*UTF8*$!
{
	archiveVersion = 1;
	classes = {
	};
	objectVersion = 48;
	objects = {

/* Begin PBXBuildFile section */
		DE1E74C51FA0B7930061EBB2 /* AppDelegate.m in Sources */ = {isa = PBXBuildFile; fileRef = DE1E74C41FA0B7930061EBB2 /* AppDelegate.m */; };
		DE1E74C81FA0B7930061EBB2 /* ViewController.m in Sources */ = {isa = PBXBuildFile; fileRef = DE1E74C71FA0B7930061EBB2 /* ViewController.m */; };
		DE1E74CB1FA0B7930061EBB2 /* Main.storyboard in Resources */ = {isa = PBXBuildFile; fileRef = DE1E74C91FA0B7930061EBB2 /* Main.storyboard */; };
		DE1E74CD1FA0B7930061EBB2 /* Assets.xcassets in Resources */ = {isa = PBXBuildFile; fileRef = DE1E74CC1FA0B7930061EBB2 /* Assets.xcassets */; };
		DE1E74D01FA0B7930061EBB2 /* LaunchScreen.storyboard in Resources */ = {isa = PBXBuildFile; fileRef = DE1E74CE1FA0B7930061EBB2 /* LaunchScreen.storyboard */; };
		DE1E74D31FA0B7930061EBB2 /* main.m in Sources */ = {isa = PBXBuildFile; fileRef = DE1E74D21FA0B7930061EBB2 /* main.m */; };
		DE1E74DD1FA0B7930061EBB2 /* GitTestTests.m in Sources */ = {isa = PBXBuildFile; fileRef = DE1E74DC1FA0B7930061EBB2 /* GitTestTests.m */; };
		DE1E74E81FA0B7930061EBB2 /* GitTestUITests.m in Sources */ = {isa = PBXBuildFile; fileRef = DE1E74E71FA0B7930061EBB2 /* GitTestUITests.m */; };
/* End PBXBuildFile section */

/* Begin PBXContainerItemProxy section */
		DE1E74D91FA0B7930061EBB2 /* PBXContainerItemProxy */ = {
			isa = PBXContainerItemProxy;
			containerPortal = DE1E74B81FA0B7930061EBB2 /* Project object */;
			proxyType = 1;
			remoteGlobalIDString = DE1E74BF1FA0B7930061EBB2;
			remoteInfo = GitTest;
		};
		DE1E74E41FA0B7930061EBB2 /* PBXContainerItemProxy */ = {
			isa = PBXContainerItemProxy;
			containerPortal = DE1E74B81FA0B7930061EBB2 /* Project object */;
			proxyType = 1;
			remoteGlobalIDString = DE1E74BF1FA0B7930061EBB2;
			remoteInfo = GitTest;
		};
/* End PBXContainerItemProxy section */

/* Begin PBXFileReference section */
		DE1E74C01FA0B7930061EBB2 /* GitTest.app */ = {isa = PBXFileReference; explicitFileType = wrapper.application; includeInIndex = 0; path = GitTest.app; sourceTree = BUILT_PRODUCTS_DIR; };
		DE1E74C31FA0B7930061EBB2 /* AppDelegate.h */ = {isa = PBXFileReference; lastKnownFileType = sourcecode.c.h; path = AppDelegate.h; sourceTree = "<group>"; };
		DE1E74C41FA0B7930061EBB2 /* AppDelegate.m */ = {isa = PBXFileReference; lastKnownFileType = sourcecode.c.objc; path = AppDelegate.m; sourceTree = "<group>"; };
		DE1E74C61FA0B7930061EBB2 /* ViewController.h */ = {isa = PBXFileReference; lastKnownFileType = sourcecode.c.h; path = ViewController.h; sourceTree = "<group>"; };
		DE1E74C71FA0B7930061EBB2 /* ViewController.m */ = {isa = PBXFileReference; lastKnownFileType = sourcecode.c.objc; path = ViewController.m; sourceTree = "<group>"; };
		DE1E74CA1FA0B7930061EBB2 /* Base */ = {isa = PBXFileReference; lastKnownFileType = file.storyboard; name = Base; path = Base.lproj/Main.storyboard; sourceTree = "<group>"; };
		DE1E74CC1FA0B7930061EBB2 /* Assets.xcassets */ = {isa = PBXFileReference; lastKnownFileType = folder.assetcatalog; path = Assets.xcassets; sourceTree = "<group>"; };
		DE1E74CF1FA0B7930061EBB2 /* Base */ = {isa = PBXFileReference; lastKnownFileType = file.storyboard; name = Base; path = Base.lproj/LaunchScreen.storyboard; sourceTree = "<group>"; };
		DE1E74D11FA0B7930061EBB2 /* Info.plist */ = {isa = PBXFileReference; lastKnownFileType = text.plist.xml; path = Info.plist; sourceTree = "<group>"; };
		DE1E74D21FA0B7930061EBB2 /* main.m */ = {isa = PBXFileReference; lastKnownFileType = sourcecode.c.objc; path = main.m; sourceTree = "<group>"; };
		DE1E74D81FA0B7930061EBB2 /* GitTestTests.xctest */ = {isa = PBXFileReference; explicitFileType = wrapper.cfbundle; includeInIndex = 0; path = GitTestTests.xctest; sourceTree = BUILT_PRODUCTS_DIR; };
		DE1E74DC1FA0B7930061EBB2 /* GitTestTests.m */ = {isa = PBXFileReference; lastKnownFileType = sourcecode.c.objc; path = GitTestTests.m; sourceTree = "<group>"; };
		DE1E74DE1FA0B7930061EBB2 /* Info.plist */ = {isa = PBXFileReference; lastKnownFileType = text.plist.xml; path = Info.plist; sourceTree = "<group>"; };
		DE1E74E31FA0B7930061EBB2 /* GitTestUITests.xctest */ = {isa = PBXFileReference; explicitFileType = wrapper.cfbundle; includeInIndex = 0; path = GitTestUITests.xctest; sourceTree = BUILT_PRODUCTS_DIR; };
		DE1E74E71FA0B7930061EBB2 /* GitTestUITests.m */ = {isa = PBXFileReference; lastKnownFileType = sourcecode.c.objc; path = GitTestUITests.m; sourceTree = "<group>"; };
		DE1E74E91FA0B7930061EBB2 /* Info.plist */ = {isa = PBXFileReference; lastKnownFileType = text.plist.xml; path = Info.plist; sourceTree = "<group>"; };
/* End PBXFileReference section */

/* Begin PBXFrameworksBuildPhase section */
		DE1E74BD1FA0B7930061EBB2 /* Frameworks */ = {
			isa = PBXFrameworksBuildPhase;
			buildActionMask = 2147483647;
			files = (
			);
			runOnlyForDeploymentPostprocessing = 0;
		};
		DE1E74D51FA0B7930061EBB2 /* Frameworks */ = {
			isa = PBXFrameworksBuildPhase;
			buildActionMask = 2147483647;
			files = (
			);
			runOnlyForDeploymentPostprocessing = 0;
		};
		DE1E74E01FA0B7930061EBB2 /* Frameworks */ = {
			isa = PBXFrameworksBuildPhase;
			buildActionMask = 2147483647;
			files = (
			);
			runOnlyForDeploymentPostprocessing = 0;
		};
/* End PBXFrameworksBuildPhase section */

/* Begin PBXGroup section */
		DE1E74B71FA0B7930061EBB2 = {
			isa = PBXGroup;
			children = (
				DE1E74C21FA0B7930061EBB2 /* GitTest */,
				DE1E74DB1FA0B7930061EBB2 /* GitTestTests */,
				DE1E74E61FA0B7930061EBB2 /* GitTestUITests */,
				DE1E74C11FA0B7930061EBB2 /* Products */,
			);
			sourceTree = "<group>";
		};
		DE1E74C11FA0B7930061EBB2 /* Products */ = {
			isa = PBXGroup;
			children = (
				DE1E74C01FA0B7930061EBB2 /* GitTest.app */,
				DE1E74D81FA0B7930061EBB2 /* GitTestTests.xctest */,
				DE1E74E31FA0B7930061EBB2 /* GitTestUITests.xctest */,
			);
			name = Products;
			sourceTree = "<group>";
		};
		DE1E74C21FA0B7930061EBB2 /* GitTest */ = {
			isa = PBXGroup;
			children = (
				DE1E74C31FA0B7930061EBB2 /* AppDelegate.h */,
				DE1E74C41FA0B7930061EBB2 /* AppDelegate.m */,
				DE1E74C61FA0B7930061EBB2 /* ViewController.h */,
				DE1E74C71FA0B7930061EBB2 /* ViewController.m */,
				DE1E74C91FA0B7930061EBB2 /* Main.storyboard */,
				DE1E74CC1FA0B7930061EBB2 /* Assets.xcassets */,
				DE1E74CE1FA0B7930061EBB2 /* LaunchScreen.storyboard */,
				DE1E74D11FA0B7930061EBB2 /* Info.plist */,
				DE1E74D21FA0B7930061EBB2 /* main.m */,
			);
			path = GitTest;
			sourceTree = "<group>";
		};
		DE1E74DB1FA0B7930061EBB2 /* GitTestTests */ = {
			isa = PBXGroup;
			children = (
				DE1E74DC1FA0B7930061EBB2 /* GitTestTests.m */,
				DE1E74DE1FA0B7930061EBB2 /* Info.plist */,
			);
			path = GitTestTests;
			sourceTree = "<group>";
		};
		DE1E74E61FA0B7930061EBB2 /* GitTestUITests */ = {
			isa = PBXGroup;
			children = (
				DE1E74E71FA0B7930061EBB2 /* GitTestUITests.m */,
				DE1E74E91FA0B7930061EBB2 /* Info.plist */,
			);
			path = GitTestUITests;
			sourceTree = "<group>";
		};
/* End PBXGroup section */

/* Begin PBXNativeTarget section */
		DE1E74BF1FA0B7930061EBB2 /* GitTest */ = {
			isa = PBXNativeTarget;
			buildConfigurationList = DE1E74EC1FA0B7930061EBB2 /* Build configuration list for PBXNativeTarget "GitTest" */;
			buildPhases = (
				DE1E74BC1FA0B7930061EBB2 /* Sources */,
				DE1E74BD1FA0B7930061EBB2 /* Frameworks */,
				DE1E74BE1FA0B7930061EBB2 /* Resources */,
			);
			buildRules = (
			);
			dependencies = (
			);
			name = GitTest;
			productName = GitTest;
			productReference = DE1E74C01FA0B7930061EBB2 /* GitTest.app */;
			productType = "com.apple.product-type.application";
		};
		DE1E74D71FA0B7930061EBB2 /* GitTestTests */ = {
			isa = PBXNativeTarget;
			buildConfigurationList = DE1E74EF1FA0B7930061EBB2 /* Build configuration list for PBXNativeTarget "GitTestTests" */;
			buildPhases = (
				DE1E74D41FA0B7930061EBB2 /* Sources */,
				DE1E74D51FA0B7930061EBB2 /* Frameworks */,
				DE1E74D61FA0B7930061EBB2 /* Resources */,
			);
			buildRules = (
			);
			dependencies = (
				DE1E74DA1FA0B7930061EBB2 /* PBXTargetDependency */,
			);
			name = GitTestTests;
			productName = GitTestTests;
			productReference = DE1E74D81FA0B7930061EBB2 /* GitTestTests.xctest */;
			productType = "com.apple.product-type.bundle.unit-test";
		};
		DE1E74E21FA0B7930061EBB2 /* GitTestUITests */ = {
			isa = PBXNativeTarget;
			buildConfigurationList = DE1E74F21FA0B7930061EBB2 /* Build configuration list for PBXNativeTarget "GitTestUITests" */;
			buildPhases = (
				DE1E74DF1FA0B7930061EBB2 /* Sources */,
				DE1E74E01FA0B7930061EBB2 /* Frameworks */,
				DE1E74E11FA0B7930061EBB2 /* Resources */,
			);
			buildRules = (
			);
			dependencies = (
				DE1E74E51FA0B7930061EBB2 /* PBXTargetDependency */,
			);
			name = GitTestUITests;
			productName = GitTestUITests;
			productReference = DE1E74E31FA0B7930061EBB2 /* GitTestUITests.xctest */;
			productType = "com.apple.product-type.bundle.ui-testing";
		};
/* End PBXNativeTarget section */

/* Begin PBXProject section */
		DE1E74B81FA0B7930061EBB2 /* Project object */ = {
			isa = PBXProject;
			attributes = {
				LastUpgradeCheck = 0900;
				ORGANIZATIONNAME = cacc;
				TargetAttributes = {
					DE1E74BF1FA0B7930061EBB2 = {
						CreatedOnToolsVersion = 9.0.1;
						ProvisioningStyle = Automatic;
					};
					DE1E74D71FA0B7930061EBB2 = {
						CreatedOnToolsVersion = 9.0.1;
						ProvisioningStyle = Automatic;
						TestTargetID = DE1E74BF1FA0B7930061EBB2;
					};
					DE1E74E21FA0B7930061EBB2 = {
						CreatedOnToolsVersion = 9.0.1;
						ProvisioningStyle = Automatic;
						TestTargetID = DE1E74BF1FA0B7930061EBB2;
					};
				};
			};
			buildConfigurationList = DE1E74BB1FA0B7930061EBB2 /* Build configuration list for PBXProject "GitTest" */;
			compatibilityVersion = "Xcode 8.0";
			developmentRegion = en;
			hasScannedForEncodings = 0;
			knownRegions = (
				en,
				Base,
			);
			mainGroup = DE1E74B71FA0B7930061EBB2;
			productRefGroup = DE1E74C11FA0B7930061EBB2 /* Products */;
			projectDirPath = "";
			projectRoot = "";
			targets = (
				DE1E74BF1FA0B7930061EBB2 /* GitTest */,
				DE1E74D71FA0B7930061EBB2 /* GitTestTests */,
				DE1E74E21FA0B7930061EBB2 /* GitTestUITests */,
			);
		};
/* End PBXProject section */

/* Begin PBXResourcesBuildPhase section */
		DE1E74BE1FA0B7930061EBB2 /* Resources */ = {
			isa = PBXResourcesBuildPhase;
			buildActionMask = 2147483647;
			files = (
				DE1E74D01FA0B7930061EBB2 /* LaunchScreen.storyboard in Resources */,
				DE1E74CD1FA0B7930061EBB2 /* Assets.xcassets in Resources */,
				DE1E74CB1FA0B7930061EBB2 /* Main.storyboard in Resources */,
			);
			runOnlyForDeploymentPostprocessing = 0;
		};
		DE1E74D61FA0B7930061EBB2 /* Resources */ = {
			isa = PBXResourcesBuildPhase;
			buildActionMask = 2147483647;
			files = (
			);
			runOnlyForDeploymentPostprocessing = 0;
		};
		DE1E74E11FA0B7930061EBB2 /* Resources */ = {
			isa = PBXResourcesBuildPhase;
			buildActionMask = 2147483647;
			files = (
			);
			runOnlyForDeploymentPostprocessing = 0;
		};
/* End PBXResourcesBuildPhase section */

/* Begin PBXSourcesBuildPhase section */
		DE1E74BC1FA0B7930061EBB2 /* Sources */ = {
			isa = PBXSourcesBuildPhase;
			buildActionMask = 2147483647;
			files = (
				DE1E74C81FA0B7930061EBB2 /* ViewController.m in Sources */,
				DE1E74D31FA0B7930061EBB2 /* main.m in Sources */,
				DE1E74C51FA0B7930061EBB2 /* AppDelegate.m in Sources */,
			);
			runOnlyForDeploymentPostprocessing = 0;
		};
		DE1E74D41FA0B7930061EBB2 /* Sources */ = {
			isa = PBXSourcesBuildPhase;
			buildActionMask = 2147483647;
			files = (
				DE1E74DD1FA0B7930061EBB2 /* GitTestTests.m in Sources */,
			);
			runOnlyForDeploymentPostprocessing = 0;
		};
		DE1E74DF1FA0B7930061EBB2 /* Sources */ = {
			isa = PBXSourcesBuildPhase;
			buildActionMask = 2147483647;
			files = (
				DE1E74E81FA0B7930061EBB2 /* GitTestUITests.m in Sources */,
			);
			runOnlyForDeploymentPostprocessing = 0;
		};
/* End PBXSourcesBuildPhase section */

/* Begin PBXTargetDependency section */
		DE1E74DA1FA0B7930061EBB2 /* PBXTargetDependency */ = {
			isa = PBXTargetDependency;
			target = DE1E74BF1FA0B7930061EBB2 /* GitTest */;
			targetProxy = DE1E74D91FA0B7930061EBB2 /* PBXContainerItemProxy */;
		};
		DE1E74E51FA0B7930061EBB2 /* PBXTargetDependency */ = {
			isa = PBXTargetDependency;
			target = DE1E74BF1FA0B7930061EBB2 /* GitTest */;
			targetProxy = DE1E74E41FA0B7930061EBB2 /* PBXContainerItemProxy */;
		};
/* End PBXTargetDependency section */

/* Begin PBXVariantGroup section */
		DE1E74C91FA0B7930061EBB2 /* Main.storyboard */ = {
			isa = PBXVariantGroup;
			children = (
				DE1E74CA1FA0B7930061EBB2 /* Base */,
			);
			name = Main.storyboard;
			sourceTree = "<group>";
		};
		DE1E74CE1FA0B7930061EBB2 /* LaunchScreen.storyboard */ = {
			isa = PBXVariantGroup;
			children = (
				DE1E74CF1FA0B7930061EBB2 /* Base */,
			);
			name = LaunchScreen.storyboard;
			sourceTree = "<group>";
		};
/* End PBXVariantGroup section */

/* Begin XCBuildConfiguration section */
		DE1E74EA1FA0B7930061EBB2 /* Debug */ = {
			isa = XCBuildConfiguration;
			buildSettings = {
				ALWAYS_SEARCH_USER_PATHS = NO;
				CLANG_ANALYZER_NONNULL = YES;
				CLANG_ANALYZER_NUMBER_OBJECT_CONVERSION = YES_AGGRESSIVE;
				CLANG_CXX_LANGUAGE_STANDARD = "gnu++14";
				CLANG_CXX_LIBRARY = "libc++";
				CLANG_ENABLE_MODULES = YES;
				CLANG_ENABLE_OBJC_ARC = YES;
				CLANG_WARN_BLOCK_CAPTURE_AUTORELEASING = YES;
				CLANG_WARN_BOOL_CONVERSION = YES;
				CLANG_WARN_COMMA = YES;
				CLANG_WARN_CONSTANT_CONVERSION = YES;
				CLANG_WARN_DIRECT_OBJC_ISA_USAGE = YES_ERROR;
				CLANG_WARN_DOCUMENTATION_COMMENTS = YES;
				CLANG_WARN_EMPTY_BODY = YES;
				CLANG_WARN_ENUM_CONVERSION = YES;
				CLANG_WARN_INFINITE_RECURSION = YES;
				CLANG_WARN_INT_CONVERSION = YES;
				CLANG_WARN_NON_LITERAL_NULL_CONVERSION = YES;
				CLANG_WARN_OBJC_LITERAL_CONVERSION = YES;
				CLANG_WARN_OBJC_ROOT_CLASS = YES_ERROR;
				CLANG_WARN_RANGE_LOOP_ANALYSIS = YES;
				CLANG_WARN_STRICT_PROTOTYPES = YES;
				CLANG_WARN_SUSPICIOUS_MOVE = YES;
				CLANG_WARN_UNGUARDED_AVAILABILITY = YES_AGGRESSIVE;
				CLANG_WARN_UNREACHABLE_CODE = YES;
				CLANG_WARN__DUPLICATE_METHOD_MATCH = YES;
				CODE_SIGN_IDENTITY = "iPhone Developer";
				COPY_PHASE_STRIP = NO;
				DEBUG_INFORMATION_FORMAT = dwarf;
				ENABLE_STRICT_OBJC_MSGSEND = YES;
				ENABLE_TESTABILITY = YES;
				GCC_C_LANGUAGE_STANDARD = gnu11;
				GCC_DYNAMIC_NO_PIC = NO;
				GCC_NO_COMMON_BLOCKS = YES;
				GCC_OPTIMIZATION_LEVEL = 0;
				GCC_PREPROCESSOR_DEFINITIONS = (
					"DEBUG=1",
					"$(inherited)",
				);
				GCC_WARN_64_TO_32_BIT_CONVERSION = YES;
				GCC_WARN_ABOUT_RETURN_TYPE = YES_ERROR;
				GCC_WARN_UNDECLARED_SELECTOR = YES;
				GCC_WARN_UNINITIALIZED_AUTOS = YES_AGGRESSIVE;
				GCC_WARN_UNUSED_FUNCTION = YES;
				GCC_WARN_UNUSED_VARIABLE = YES;
				IPHONEOS_DEPLOYMENT_TARGET = 11.0;
				MTL_ENABLE_DEBUG_INFO = YES;
				ONLY_ACTIVE_ARCH = YES;
				SDKROOT = iphoneos;
			};
			name = Debug;
		};
		DE1E74EB1FA0B7930061EBB2 /* Release */ = {
			isa = XCBuildConfiguration;
			buildSettings = {
				ALWAYS_SEARCH_USER_PATHS = NO;
				CLANG_ANALYZER_NONNULL = YES;
				CLANG_ANALYZER_NUMBER_OBJECT_CONVERSION = YES_AGGRESSIVE;
				CLANG_CXX_LANGUAGE_STANDARD = "gnu++14";
				CLANG_CXX_LIBRARY = "libc++";
				CLANG_ENABLE_MODULES = YES;
				CLANG_ENABLE_OBJC_ARC = YES;
				CLANG_WARN_BLOCK_CAPTURE_AUTORELEASING = YES;
				CLANG_WARN_BOOL_CONVERSION = YES;
				CLANG_WARN_COMMA = YES;
				CLANG_WARN_CONSTANT_CONVERSION = YES;
				CLANG_WARN_DIRECT_OBJC_ISA_USAGE = YES_ERROR;
				CLANG_WARN_DOCUMENTATION_COMMENTS = YES;
				CLANG_WARN_EMPTY_BODY = YES;
				CLANG_WARN_ENUM_CONVERSION = YES;
				CLANG_WARN_INFINITE_RECURSION = YES;
				CLANG_WARN_INT_CONVERSION = YES;
				CLANG_WARN_NON_LITERAL_NULL_CONVERSION = YES;
				CLANG_WARN_OBJC_LITERAL_CONVERSION = YES;
				CLANG_WARN_OBJC_ROOT_CLASS = YES_ERROR;
				CLANG_WARN_RANGE_LOOP_ANALYSIS = YES;
				CLANG_WARN_STRICT_PROTOTYPES = YES;
				CLANG_WARN_SUSPICIOUS_MOVE = YES;
				CLANG_WARN_UNGUARDED_AVAILABILITY = YES_AGGRESSIVE;
				CLANG_WARN_UNREACHABLE_CODE = YES;
				CLANG_WARN__DUPLICATE_METHOD_MATCH = YES;
				CODE_SIGN_IDENTITY = "iPhone Developer";
				COPY_PHASE_STRIP = NO;
				DEBUG_INFORMATION_FORMAT = "dwarf-with-dsym";
				ENABLE_NS_ASSERTIONS = NO;
				ENABLE_STRICT_OBJC_MSGSEND = YES;
				GCC_C_LANGUAGE_STANDARD = gnu11;
				GCC_NO_COMMON_BLOCKS = YES;
				GCC_WARN_64_TO_32_BIT_CONVERSION = YES;
				GCC_WARN_ABOUT_RETURN_TYPE = YES_ERROR;
				GCC_WARN_UNDECLARED_SELECTOR = YES;
				GCC_WARN_UNINITIALIZED_AUTOS = YES_AGGRESSIVE;
				GCC_WARN_UNUSED_FUNCTION = YES;
				GCC_WARN_UNUSED_VARIABLE = YES;
				IPHONEOS_DEPLOYMENT_TARGET = 11.0;
				MTL_ENABLE_DEBUG_INFO = NO;
				SDKROOT = iphoneos;
				VALIDATE_PRODUCT = YES;
			};
			name = Release;
		};
		DE1E74ED1FA0B7930061EBB2 /* Debug */ = {
			isa = XCBuildConfiguration;
			buildSettings = {
				ASSETCATALOG_COMPILER_APPICON_NAME = AppIcon;
				CODE_SIGN_STYLE = Automatic;
				DEVELOPMENT_TEAM = 76RYFJEYR9;
				INFOPLIST_FILE = GitTest/Info.plist;
				LD_RUNPATH_SEARCH_PATHS = "$(inherited) @executable_path/Frameworks";
				PRODUCT_BUNDLE_IDENTIFIER = cn.cacc.GitTest;
				PRODUCT_NAME = "$(TARGET_NAME)";
				TARGETED_DEVICE_FAMILY = "1,2";
			};
			name = Debug;
		};
		DE1E74EE1FA0B7930061EBB2 /* Release */ = {
			isa = XCBuildConfiguration;
			buildSettings = {
				ASSETCATALOG_COMPILER_APPICON_NAME = AppIcon;
				CODE_SIGN_STYLE = Automatic;
				DEVELOPMENT_TEAM = 76RYFJEYR9;
				INFOPLIST_FILE = GitTest/Info.plist;
				LD_RUNPATH_SEARCH_PATHS = "$(inherited) @executable_path/Frameworks";
				PRODUCT_BUNDLE_IDENTIFIER = cn.cacc.GitTest;
				PRODUCT_NAME = "$(TARGET_NAME)";
				TARGETED_DEVICE_FAMILY = "1,2";
			};
			name = Release;
		};
		DE1E74F01FA0B7930061EBB2 /* Debug */ = {
			isa = XCBuildConfiguration;
			buildSettings = {
				BUNDLE_LOADER = "$(TEST_HOST)";
				CODE_SIGN_STYLE = Automatic;
				DEVELOPMENT_TEAM = 76RYFJEYR9;
				INFOPLIST_FILE = GitTestTests/Info.plist;
				LD_RUNPATH_SEARCH_PATHS = "$(inherited) @executable_path/Frameworks @loader_path/Frameworks";
				PRODUCT_BUNDLE_IDENTIFIER = cn.cacc.GitTestTests;
				PRODUCT_NAME = "$(TARGET_NAME)";
				TARGETED_DEVICE_FAMILY = "1,2";
				TEST_HOST = "$(BUILT_PRODUCTS_DIR)/GitTest.app/GitTest";
			};
			name = Debug;
		};
		DE1E74F11FA0B7930061EBB2 /* Release */ = {
			isa = XCBuildConfiguration;
			buildSettings = {
				BUNDLE_LOADER = "$(TEST_HOST)";
				CODE_SIGN_STYLE = Automatic;
				DEVELOPMENT_TEAM = 76RYFJEYR9;
				INFOPLIST_FILE = GitTestTests/Info.plist;
				LD_RUNPATH_SEARCH_PATHS = "$(inherited) @executable_path/Frameworks @loader_path/Frameworks";
				PRODUCT_BUNDLE_IDENTIFIER = cn.cacc.GitTestTests;
				PRODUCT_NAME = "$(TARGET_NAME)";
				TARGETED_DEVICE_FAMILY = "1,2";
				TEST_HOST = "$(BUILT_PRODUCTS_DIR)/GitTest.app/GitTest";
			};
			name = Release;
		};
		DE1E74F31FA0B7930061EBB2 /* Debug */ = {
			isa = XCBuildConfiguration;
			buildSettings = {
				CODE_SIGN_STYLE = Automatic;
				DEVELOPMENT_TEAM = 76RYFJEYR9;
				INFOPLIST_FILE = GitTestUITests/Info.plist;
				LD_RUNPATH_SEARCH_PATHS = "$(inherited) @executable_path/Frameworks @loader_path/Frameworks";
				PRODUCT_BUNDLE_IDENTIFIER = cn.cacc.GitTestUITests;
				PRODUCT_NAME = "$(TARGET_NAME)";
				TARGETED_DEVICE_FAMILY = "1,2";
				TEST_TARGET_NAME = GitTest;
			};
			name = Debug;
		};
		DE1E74F41FA0B7930061EBB2 /* Release */ = {
			isa = XCBuildConfiguration;
			buildSettings = {
				CODE_SIGN_STYLE = Automatic;
				DEVELOPMENT_TEAM = 76RYFJEYR9;
				INFOPLIST_FILE = GitTestUITests/Info.plist;
				LD_RUNPATH_SEARCH_PATHS = "$(inherited) @executable_path/Frameworks @loader_path/Frameworks";
				PRODUCT_BUNDLE_IDENTIFIER = cn.cacc.GitTestUITests;
				PRODUCT_NAME = "$(TARGET_NAME)";
				TARGETED_DEVICE_FAMILY = "1,2";
				TEST_TARGET_NAME = GitTest;
			};
			name = Release;
		};
/* End XCBuildConfiguration section */

/* Begin XCConfigurationList section */
		DE1E74BB1FA0B7930061EBB2 /* Build configuration list for PBXProject "GitTest" */ = {
			isa = XCConfigurationList;
			buildConfigurations = (
				DE1E74EA1FA0B7930061EBB2 /* Debug */,
				DE1E74EB1FA0B7930061EBB2 /* Release */,
			);
			defaultConfigurationIsVisible = 0;
			defaultConfigurationName = Release;
		};
		DE1E74EC1FA0B7930061EBB2 /* Build configuration list for PBXNativeTarget "GitTest" */ = {
			isa = XCConfigurationList;
			buildConfigurations = (
				DE1E74ED1FA0B7930061EBB2 /* Debug */,
				DE1E74EE1FA0B7930061EBB2 /* Release */,
			);
			defaultConfigurationIsVisible = 0;
			defaultConfigurationName = Release;
		};
		DE1E74EF1FA0B7930061EBB2 /* Build configuration list for PBXNativeTarget "GitTestTests" */ = {
			isa = XCConfigurationList;
			buildConfigurations = (
				DE1E74F01FA0B7930061EBB2 /* Debug */,
				DE1E74F11FA0B7930061EBB2 /* Release */,
			);
			defaultConfigurationIsVisible = 0;
			defaultConfigurationName = Release;
		};
		DE1E74F21FA0B7930061EBB2 /* Build configuration list for PBXNativeTarget "GitTestUITests" */ = {
			isa = XCConfigurationList;
			buildConfigurations = (
				DE1E74F31FA0B7930061EBB2 /* Debug */,
				DE1E74F41FA0B7930061EBB2 /* Release */,
			);
			defaultConfigurationIsVisible = 0;
			defaultConfigurationName = Release;
		};
/* End XCConfigurationList section */
	};
	rootObject = DE1E74B81FA0B7930061EBB2 /* Project object */;
}
